// !$*UTF8*$!
{
	archiveVersion = 1;
	classes = {
	};
	objectVersion = 56;
	objects = {

/* Begin PBXBuildFile section */
		233CF86F29F9B159004A001F /* NotetakingApp.swift in Sources */ = {isa = PBXBuildFile; fileRef = 233CF86E29F9B159004A001F /* NotetakingApp.swift */; };
		233CF87129F9B159004A001F /* ContentView.swift in Sources */ = {isa = PBXBuildFile; fileRef = 233CF87029F9B159004A001F /* ContentView.swift */; };
		233CF87329F9B15D004A001F /* Assets.xcassets in Resources */ = {isa = PBXBuildFile; fileRef = 233CF87229F9B15D004A001F /* Assets.xcassets */; };
		233CF87629F9B15D004A001F /* Preview Assets.xcassets in Resources */ = {isa = PBXBuildFile; fileRef = 233CF87529F9B15D004A001F /* Preview Assets.xcassets */; };
		233CF87829F9B15D004A001F /* Persistence.swift in Sources */ = {isa = PBXBuildFile; fileRef = 233CF87729F9B15D004A001F /* Persistence.swift */; };
		233CF87B29F9B15D004A001F /* Notetaking.xcdatamodeld in Sources */ = {isa = PBXBuildFile; fileRef = 233CF87929F9B15D004A001F /* Notetaking.xcdatamodeld */; };
/* End PBXBuildFile section */

/* Begin PBXFileReference section */
		233CF86B29F9B159004A001F /* Notetaking.app */ = {isa = PBXFileReference; explicitFileType = wrapper.application; includeInIndex = 0; path = Notetaking.app; sourceTree = BUILT_PRODUCTS_DIR; };
		233CF86E29F9B159004A001F /* NotetakingApp.swift */ = {isa = PBXFileReference; lastKnownFileType = sourcecode.swift; path = NotetakingApp.swift; sourceTree = "<group>"; };
		233CF87029F9B159004A001F /* ContentView.swift */ = {isa = PBXFileReference; lastKnownFileType = sourcecode.swift; path = ContentView.swift; sourceTree = "<group>"; };
		233CF87229F9B15D004A001F /* Assets.xcassets */ = {isa = PBXFileReference; lastKnownFileType = folder.assetcatalog; path = Assets.xcassets; sourceTree = "<group>"; };
		233CF87529F9B15D004A001F /* Preview Assets.xcassets */ = {isa = PBXFileReference; lastKnownFileType = folder.assetcatalog; path = "Preview Assets.xcassets"; sourceTree = "<group>"; };
		233CF87729F9B15D004A001F /* Persistence.swift */ = {isa = PBXFileReference; lastKnownFileType = sourcecode.swift; path = Persistence.swift; sourceTree = "<group>"; };
		233CF87A29F9B15D004A001F /* Notetaking.xcdatamodel */ = {isa = PBXFileReference; lastKnownFileType = wrapper.xcdatamodel; path = Notetaking.xcdatamodel; sourceTree = "<group>"; };
		233CF87C29F9B15D004A001F /* Notetaking.entitlements */ = {isa = PBXFileReference; lastKnownFileType = text.plist.entitlements; path = Notetaking.entitlements; sourceTree = "<group>"; };
/* End PBXFileReference section */

/* Begin PBXFrameworksBuildPhase section */
		233CF86829F9B159004A001F /* Frameworks */ = {
			isa = PBXFrameworksBuildPhase;
			buildActionMask = 2147483647;
			files = (
			);
			runOnlyForDeploymentPostprocessing = 0;
		};
/* End PBXFrameworksBuildPhase section */

/* Begin PBXGroup section */
		233CF86229F9B159004A001F = {
			isa = PBXGroup;
			children = (
				233CF86D29F9B159004A001F /* Notetaking */,
				233CF86C29F9B159004A001F /* Products */,
			);
			sourceTree = "<group>";
		};
		233CF86C29F9B159004A001F /* Products */ = {
			isa = PBXGroup;
			children = (
				233CF86B29F9B159004A001F /* Notetaking.app */,
			);
			name = Products;
			sourceTree = "<group>";
		};
		233CF86D29F9B159004A001F /* Notetaking */ = {
			isa = PBXGroup;
			children = (
				233CF86E29F9B159004A001F /* NotetakingApp.swift */,
				233CF87029F9B159004A001F /* ContentView.swift */,
				233CF87229F9B15D004A001F /* Assets.xcassets */,
				233CF87729F9B15D004A001F /* Persistence.swift */,
				233CF87C29F9B15D004A001F /* Notetaking.entitlements */,
				233CF87929F9B15D004A001F /* Notetaking.xcdatamodeld */,
				233CF87429F9B15D004A001F /* Preview Content */,
			);
			path = Notetaking;
			sourceTree = "<group>";
		};
		233CF87429F9B15D004A001F /* Preview Content */ = {
			isa = PBXGroup;
			children = (
				233CF87529F9B15D004A001F /* Preview Assets.xcassets */,
			);
			path = "Preview Content";
			sourceTree = "<group>";
		};
/* End PBXGroup section */

/* Begin PBXNativeTarget section */
		233CF86A29F9B159004A001F /* Notetaking */ = {
			isa = PBXNativeTarget;
			buildConfigurationList = 233CF87F29F9B15D004A001F /* Build configuration list for PBXNativeTarget "Notetaking" */;
			buildPhases = (
				233CF86729F9B159004A001F /* Sources */,
				233CF86829F9B159004A001F /* Frameworks */,
				233CF86929F9B159004A001F /* Resources */,
			);
			buildRules = (
			);
			dependencies = (
			);
			name = Notetaking;
			productName = Notetaking;
			productReference = 233CF86B29F9B159004A001F /* Notetaking.app */;
			productType = "com.apple.product-type.application";
		};
/* End PBXNativeTarget section */

/* Begin PBXProject section */
		233CF86329F9B159004A001F /* Project object */ = {
			isa = PBXProject;
			attributes = {
				BuildIndependentTargetsInParallel = 1;
				LastSwiftUpdateCheck = 1420;
				LastUpgradeCheck = 1420;
				TargetAttributes = {
					233CF86A29F9B159004A001F = {
						CreatedOnToolsVersion = 14.2;
					};
				};
			};
			buildConfigurationList = 233CF86629F9B159004A001F /* Build configuration list for PBXProject "Notetaking" */;
			compatibilityVersion = "Xcode 14.0";
			developmentRegion = en;
			hasScannedForEncodings = 0;
			knownRegions = (
				en,
				Base,
			);
			mainGroup = 233CF86229F9B159004A001F;
			productRefGroup = 233CF86C29F9B159004A001F /* Products */;
			projectDirPath = "";
			projectRoot = "";
			targets = (
				233CF86A29F9B159004A001F /* Notetaking */,
			);
		};
/* End PBXProject section */

/* Begin PBXResourcesBuildPhase section */
		233CF86929F9B159004A001F /* Resources */ = {
			isa = PBXResourcesBuildPhase;
			buildActionMask = 2147483647;
			files = (
				233CF87629F9B15D004A001F /* Preview Assets.xcassets in Resources */,
				233CF87329F9B15D004A001F /* Assets.xcassets in Resources */,
			);
			runOnlyForDeploymentPostprocessing = 0;
		};
/* End PBXResourcesBuildPhase section */

/* Begin PBXSourcesBuildPhase section */
		233CF86729F9B159004A001F /* Sources */ = {
			isa = PBXSourcesBuildPhase;
			buildActionMask = 2147483647;
			files = (
				233CF87829F9B15D004A001F /* Persistence.swift in Sources */,
				233CF87129F9B159004A001F /* ContentView.swift in Sources */,
				233CF86F29F9B159004A001F /* NotetakingApp.swift in Sources */,
				233CF87B29F9B15D004A001F /* Notetaking.xcdatamodeld in Sources */,
			);
			runOnlyForDeploymentPostprocessing = 0;
		};
/* End PBXSourcesBuildPhase section */

/* Begin XCBuildConfiguration section */
		233CF87D29F9B15D004A001F /* Debug */ = {
			isa = XCBuildConfiguration;
			buildSettings = {
				ALWAYS_SEARCH_USER_PATHS = NO;
				CLANG_ANALYZER_NONNULL = YES;
				CLANG_ANALYZER_NUMBER_OBJECT_CONVERSION = YES_AGGRESSIVE;
				CLANG_CXX_LANGUAGE_STANDARD = "gnu++20";
				CLANG_ENABLE_MODULES = YES;
				CLANG_ENABLE_OBJC_ARC = YES;
				CLANG_ENABLE_OBJC_WEAK = YES;
				CLANG_WARN_BLOCK_CAPTURE_AUTORELEASING = YES;
				CLANG_WARN_BOOL_CONVERSION = YES;
				CLANG_WARN_COMMA = YES;
				CLANG_WARN_CONSTANT_CONVERSION = YES;
				CLANG_WARN_DEPRECATED_OBJC_IMPLEMENTATIONS = YES;
				CLANG_WARN_DIRECT_OBJC_ISA_USAGE = YES_ERROR;
				CLANG_WARN_DOCUMENTATION_COMMENTS = YES;
				CLANG_WARN_EMPTY_BODY = YES;
				CLANG_WARN_ENUM_CONVERSION = YES;
				CLANG_WARN_INFINITE_RECURSION = YES;
				CLANG_WARN_INT_CONVERSION = YES;
				CLANG_WARN_NON_LITERAL_NULL_CONVERSION = YES;
				CLANG_WARN_OBJC_IMPLICIT_RETAIN_SELF = YES;
				CLANG_WARN_OBJC_LITERAL_CONVERSION = YES;
				CLANG_WARN_OBJC_ROOT_CLASS = YES_ERROR;
				CLANG_WARN_QUOTED_INCLUDE_IN_FRAMEWORK_HEADER = YES;
				CLANG_WARN_RANGE_LOOP_ANALYSIS = YES;
				CLANG_WARN_STRICT_PROTOTYPES = YES;
				CLANG_WARN_SUSPICIOUS_MOVE = YES;
				CLANG_WARN_UNGUARDED_AVAILABILITY = YES_AGGRESSIVE;
				CLANG_WARN_UNREACHABLE_CODE = YES;
				CLANG_WARN__DUPLICATE_METHOD_MATCH = YES;
				COPY_PHASE_STRIP = NO;
				DEBUG_INFORMATION_FORMAT = dwarf;
				ENABLE_STRICT_OBJC_MSGSEND = YES;
				ENABLE_TESTABILITY = YES;
				GCC_C_LANGUAGE_STANDARD = gnu11;
				GCC_DYNAMIC_NO_PIC = NO;
				GCC_NO_COMMON_BLOCKS = YES;
				GCC_OPTIMIZATION_LEVEL = 0;
				GCC_PREPROCESSOR_DEFINITIONS = (
					"DEBUG=1",
					"$(inherited)",
				);
				GCC_WARN_64_TO_32_BIT_CONVERSION = YES;
				GCC_WARN_ABOUT_RETURN_TYPE = YES_ERROR;
				GCC_WARN_UNDECLARED_SELECTOR = YES;
				GCC_WARN_UNINITIALIZED_AUTOS = YES_AGGRESSIVE;
				GCC_WARN_UNUSED_FUNCTION = YES;
				GCC_WARN_UNUSED_VARIABLE = YES;
				MACOSX_DEPLOYMENT_TARGET = 13.1;
				MTL_ENABLE_DEBUG_INFO = INCLUDE_SOURCE;
				MTL_FAST_MATH = YES;
				ONLY_ACTIVE_ARCH = YES;
				SDKROOT = macosx;
				SWIFT_ACTIVE_COMPILATION_CONDITIONS = DEBUG;
				SWIFT_OPTIMIZATION_LEVEL = "-Onone";
			};
			name = Debug;
		};
		233CF87E29F9B15D004A001F /* Release */ = {
			isa = XCBuildConfiguration;
			buildSettings = {
				ALWAYS_SEARCH_USER_PATHS = NO;
				CLANG_ANALYZER_NONNULL = YES;
				CLANG_ANALYZER_NUMBER_OBJECT_CONVERSION = YES_AGGRESSIVE;
				CLANG_CXX_LANGUAGE_STANDARD = "gnu++20";
				CLANG_ENABLE_MODULES = YES;
				CLANG_ENABLE_OBJC_ARC = YES;
				CLANG_ENABLE_OBJC_WEAK = YES;
				CLANG_WARN_BLOCK_CAPTURE_AUTORELEASING = YES;
				CLANG_WARN_BOOL_CONVERSION = YES;
				CLANG_WARN_COMMA = YES;
				CLANG_WARN_CONSTANT_CONVERSION = YES;
				CLANG_WARN_DEPRECATED_OBJC_IMPLEMENTATIONS = YES;
				CLANG_WARN_DIRECT_OBJC_ISA_USAGE = YES_ERROR;
				CLANG_WARN_DOCUMENTATION_COMMENTS = YES;
				CLANG_WARN_EMPTY_BODY = YES;
				CLANG_WARN_ENUM_CONVERSION = YES;
				CLANG_WARN_INFINITE_RECURSION = YES;
				CLANG_WARN_INT_CONVERSION = YES;
				CLANG_WARN_NON_LITERAL_NULL_CONVERSION = YES;
				CLANG_WARN_OBJC_IMPLICIT_RETAIN_SELF = YES;
				CLANG_WARN_OBJC_LITERAL_CONVERSION = YES;
				CLANG_WARN_OBJC_ROOT_CLASS = YES_ERROR;
				CLANG_WARN_QUOTED_INCLUDE_IN_FRAMEWORK_HEADER = YES;
				CLANG_WARN_RANGE_LOOP_ANALYSIS = YES;
				CLANG_WARN_STRICT_PROTOTYPES = YES;
				CLANG_WARN_SUSPICIOUS_MOVE = YES;
				CLANG_WARN_UNGUARDED_AVAILABILITY = YES_AGGRESSIVE;
				CLANG_WARN_UNREACHABLE_CODE = YES;
				CLANG_WARN__DUPLICATE_METHOD_MATCH = YES;
				COPY_PHASE_STRIP = NO;
				DEBUG_INFORMATION_FORMAT = "dwarf-with-dsym";
				ENABLE_NS_ASSERTIONS = NO;
				ENABLE_STRICT_OBJC_MSGSEND = YES;
				GCC_C_LANGUAGE_STANDARD = gnu11;
				GCC_NO_COMMON_BLOCKS = YES;
				GCC_WARN_64_TO_32_BIT_CONVERSION = YES;
				GCC_WARN_ABOUT_RETURN_TYPE = YES_ERROR;
				GCC_WARN_UNDECLARED_SELECTOR = YES;
				GCC_WARN_UNINITIALIZED_AUTOS = YES_AGGRESSIVE;
				GCC_WARN_UNUSED_FUNCTION = YES;
				GCC_WARN_UNUSED_VARIABLE = YES;
				MACOSX_DEPLOYMENT_TARGET = 13.1;
				MTL_ENABLE_DEBUG_INFO = NO;
				MTL_FAST_MATH = YES;
				SDKROOT = macosx;
				SWIFT_COMPILATION_MODE = wholemodule;
				SWIFT_OPTIMIZATION_LEVEL = "-O";
			};
			name = Release;
		};
		233CF88029F9B15D004A001F /* Debug */ = {
			isa = XCBuildConfiguration;
			buildSettings = {
				ASSETCATALOG_COMPILER_APPICON_NAME = AppIcon;
				ASSETCATALOG_COMPILER_GLOBAL_ACCENT_COLOR_NAME = AccentColor;
				CODE_SIGN_ENTITLEMENTS = Notetaking/Notetaking.entitlements;
				CODE_SIGN_STYLE = Automatic;
				COMBINE_HIDPI_IMAGES = YES;
				CURRENT_PROJECT_VERSION = 1;
				DEVELOPMENT_ASSET_PATHS = "\"Notetaking/Preview Content\"";
				DEVELOPMENT_TEAM = 3RQAYNAD56;
				ENABLE_HARDENED_RUNTIME = YES;
				ENABLE_PREVIEWS = YES;
				GENERATE_INFOPLIST_FILE = YES;
				INFOPLIST_KEY_NSHumanReadableCopyright = "";
				LD_RUNPATH_SEARCH_PATHS = (
					"$(inherited)",
					"@executable_path/../Frameworks",
				);
				MARKETING_VERSION = 1.0;
				PRODUCT_BUNDLE_IDENTIFIER = com.bsc.Notetaking;
				PRODUCT_NAME = "$(TARGET_NAME)";
				SWIFT_EMIT_LOC_STRINGS = YES;
				SWIFT_VERSION = 5.0;
			};
			name = Debug;
		};
		233CF88129F9B15D004A001F /* Release */ = {
			isa = XCBuildConfiguration;
			buildSettings = {
				ASSETCATALOG_COMPILER_APPICON_NAME = AppIcon;
				ASSETCATALOG_COMPILER_GLOBAL_ACCENT_COLOR_NAME = AccentColor;
				CODE_SIGN_ENTITLEMENTS = Notetaking/Notetaking.entitlements;
				CODE_SIGN_STYLE = Automatic;
				COMBINE_HIDPI_IMAGES = YES;
				CURRENT_PROJECT_VERSION = 1;
				DEVELOPMENT_ASSET_PATHS = "\"Notetaking/Preview Content\"";
				DEVELOPMENT_TEAM = 3RQAYNAD56;
				ENABLE_HARDENED_RUNTIME = YES;
				ENABLE_PREVIEWS = YES;
				GENERATE_INFOPLIST_FILE = YES;
				INFOPLIST_KEY_NSHumanReadableCopyright = "";
				LD_RUNPATH_SEARCH_PATHS = (
					"$(inherited)",
					"@executable_path/../Frameworks",
				);
				MARKETING_VERSION = 1.0;
				PRODUCT_BUNDLE_IDENTIFIER = com.bsc.Notetaking;
				PRODUCT_NAME = "$(TARGET_NAME)";
				SWIFT_EMIT_LOC_STRINGS = YES;
				SWIFT_VERSION = 5.0;
			};
			name = Release;
		};
/* End XCBuildConfiguration section */

/* Begin XCConfigurationList section */
		233CF86629F9B159004A001F /* Build configuration list for PBXProject "Notetaking" */ = {
			isa = XCConfigurationList;
			buildConfigurations = (
				233CF87D29F9B15D004A001F /* Debug */,
				233CF87E29F9B15D004A001F /* Release */,
			);
			defaultConfigurationIsVisible = 0;
			defaultConfigurationName = Release;
		};
		233CF87F29F9B15D004A001F /* Build configuration list for PBXNativeTarget "Notetaking" */ = {
			isa = XCConfigurationList;
			buildConfigurations = (
				233CF88029F9B15D004A001F /* Debug */,
				233CF88129F9B15D004A001F /* Release */,
			);
			defaultConfigurationIsVisible = 0;
			defaultConfigurationName = Release;
		};
/* End XCConfigurationList section */

/* Begin XCVersionGroup section */
		233CF87929F9B15D004A001F /* Notetaking.xcdatamodeld */ = {
			isa = XCVersionGroup;
			children = (
				233CF87A29F9B15D004A001F /* Notetaking.xcdatamodel */,
			);
			currentVersion = 233CF87A29F9B15D004A001F /* Notetaking.xcdatamodel */;
			path = Notetaking.xcdatamodeld;
			sourceTree = "<group>";
			versionGroupType = wrapper.xcdatamodel;
		};
/* End XCVersionGroup section */
	};
	rootObject = 233CF86329F9B159004A001F /* Project object */;
}
